
Microsoft Visual Studio Solution File, Format Version 12.00
# Visual Studio 15
VisualStudioVersion = 15.0.34112.143
MinimumVisualStudioVersion = 10.0.40219.1
Project("{8BC9CEB8-8B4A-11D0-8D11-00A0C91BC942}") = "CombinationMakerAndFinder", "CombinationMakerAndFinder\CombinationMakerAndFinder.vcxproj", "{E7545007-A2AF-4590-ADC9-E9DEB1F07583}"
EndProject
Global
	GlobalSection(SolutionConfigurationPlatforms) = preSolution
		Debug|x64 = Debug|x64
		Debug|x86 = Debug|x86
		Release|x64 = Release|x64
		Release|x86 = Release|x86
	EndGlobalSection
	GlobalSection(ProjectConfigurationPlatforms) = postSolution
		{E7545007-A2AF-4590-ADC9-E9DEB1F07583}.Debug|x64.ActiveCfg = Debug|x64
		{E7545007-A2AF-4590-ADC9-E9DEB1F07583}.Debug|x64.Build.0 = Debug|x64
		{E7545007-A2AF-4590-ADC9-E9DEB1F07583}.Debug|x86.ActiveCfg = Debug|Win32
		{E7545007-A2AF-4590-ADC9-E9DEB1F07583}.Debug|x86.Build.0 = Debug|Win32
		{E7545007-A2AF-4590-ADC9-E9DEB1F07583}.Release|x64.ActiveCfg = Release|x64
		{E7545007-A2AF-4590-ADC9-E9DEB1F07583}.Release|x64.Build.0 = Release|x64
		{E7545007-A2AF-4590-ADC9-E9DEB1F07583}.Release|x86.ActiveCfg = Release|Win32
		{E7545007-A2AF-4590-ADC9-E9DEB1F07583}.Release|x86.Build.0 = Release|Win32
	EndGlobalSection
	GlobalSection(SolutionProperties) = preSolution
		HideSolutionNode = FALSE
	EndGlobalSection
	GlobalSection(ExtensibilityGlobals) = postSolution
		SolutionGuid = {5EFF8D10-53AF-4541-806E-A7DD5C43978D}
	EndGlobalSection
EndGlobal
